
Microsoft Visual Studio Solution File, Format Version 12.00
# Visual Studio Version 17
VisualStudioVersion = 17.9.34607.119
MinimumVisualStudioVersion = 10.0.40219.1
Project("{FAE04EC0-301F-11D3-BF4B-00C04F79EFBC}") = "Justins_Test_ConsoleApp", "Justins_Test_ConsoleApp.csproj", "{06E0DD5D-79B8-4220-A7FF-885C95F00590}"
EndProject
Global
	GlobalSection(SolutionConfigurationPlatforms) = preSolution
		Debug|Any CPU = Debug|Any CPU
		Release|Any CPU = Release|Any CPU
	EndGlobalSection
	GlobalSection(ProjectConfigurationPlatforms) = postSolution
		{06E0DD5D-79B8-4220-A7FF-885C95F00590}.Debug|Any CPU.ActiveCfg = Debug|Any CPU
		{06E0DD5D-79B8-4220-A7FF-885C95F00590}.Debug|Any CPU.Build.0 = Debug|Any CPU
		{06E0DD5D-79B8-4220-A7FF-885C95F00590}.Release|Any CPU.ActiveCfg = Release|Any CPU
		{06E0DD5D-79B8-4220-A7FF-885C95F00590}.Release|Any CPU.Build.0 = Release|Any CPU
	EndGlobalSection
	GlobalSection(SolutionProperties) = preSolution
		HideSolutionNode = FALSE
	EndGlobalSection
	GlobalSection(ExtensibilityGlobals) = postSolution
		SolutionGuid = {1771B1C8-27A0-437A-AB55-B22D70F9BA3E}
	EndGlobalSection
EndGlobal
